
Microsoft Visual Studio Solution File, Format Version 12.00
# Visual Studio 15
VisualStudioVersion = 15.0.27130.2024
MinimumVisualStudioVersion = 10.0.40219.1
Project("{FAE04EC0-301F-11D3-BF4B-00C04F79EFBC}") = "Quiz2_2", "Quiz2_2\Quiz2_2.csproj", "{C5DEB9FF-7781-47FE-BEBD-02D3FBDA9E81}"
EndProject
Global
	GlobalSection(SolutionConfigurationPlatforms) = preSolution
		Debug|Any CPU = Debug|Any CPU
		Release|Any CPU = Release|Any CPU
	EndGlobalSection
	GlobalSection(ProjectConfigurationPlatforms) = postSolution
		{C5DEB9FF-7781-47FE-BEBD-02D3FBDA9E81}.Debug|Any CPU.ActiveCfg = Debug|Any CPU
		{C5DEB9FF-7781-47FE-BEBD-02D3FBDA9E81}.Debug|Any CPU.Build.0 = Debug|Any CPU
		{C5DEB9FF-7781-47FE-BEBD-02D3FBDA9E81}.Release|Any CPU.ActiveCfg = Release|Any CPU
		{C5DEB9FF-7781-47FE-BEBD-02D3FBDA9E81}.Release|Any CPU.Build.0 = Release|Any CPU
	EndGlobalSection
	GlobalSection(SolutionProperties) = preSolution
		HideSolutionNode = FALSE
	EndGlobalSection
	GlobalSection(ExtensibilityGlobals) = postSolution
		SolutionGuid = {A7A6D45A-1CB6-4C0C-8851-A32531EA5962}
	EndGlobalSection
EndGlobal
